
Microsoft Visual Studio Solution File, Format Version 12.00
# Visual Studio Version 17
VisualStudioVersion = 17.1.32414.318
MinimumVisualStudioVersion = 10.0.40219.1
Project("{FAE04EC0-301F-11D3-BF4B-00C04F79EFBC}") = "Helpers", "Helpers\Helpers.csproj", "{EC475BC9-518D-4FF6-892E-84D72BC707D6}"
EndProject
Project("{FAE04EC0-301F-11D3-BF4B-00C04F79EFBC}") = "Helpers.Tests", "Helpers.Tests\Helpers.Tests.csproj", "{A1D8F802-9F5C-448F-8901-4043E1ABC692}"
EndProject
Global
	GlobalSection(SolutionConfigurationPlatforms) = preSolution
		Debug|Any CPU = Debug|Any CPU
		Release|Any CPU = Release|Any CPU
	EndGlobalSection
	GlobalSection(ProjectConfigurationPlatforms) = postSolution
		{EC475BC9-518D-4FF6-892E-84D72BC707D6}.Debug|Any CPU.ActiveCfg = Debug|Any CPU
		{EC475BC9-518D-4FF6-892E-84D72BC707D6}.Debug|Any CPU.Build.0 = Debug|Any CPU
		{EC475BC9-518D-4FF6-892E-84D72BC707D6}.Release|Any CPU.ActiveCfg = Release|Any CPU
		{EC475BC9-518D-4FF6-892E-84D72BC707D6}.Release|Any CPU.Build.0 = Release|Any CPU
		{A1D8F802-9F5C-448F-8901-4043E1ABC692}.Debug|Any CPU.ActiveCfg = Debug|Any CPU
		{A1D8F802-9F5C-448F-8901-4043E1ABC692}.Debug|Any CPU.Build.0 = Debug|Any CPU
		{A1D8F802-9F5C-448F-8901-4043E1ABC692}.Release|Any CPU.ActiveCfg = Release|Any CPU
		{A1D8F802-9F5C-448F-8901-4043E1ABC692}.Release|Any CPU.Build.0 = Release|Any CPU
	EndGlobalSection
	GlobalSection(SolutionProperties) = preSolution
		HideSolutionNode = FALSE
	EndGlobalSection
	GlobalSection(ExtensibilityGlobals) = postSolution
		SolutionGuid = {403FDFB5-268C-4D77-8FF1-D193795A3BA0}
	EndGlobalSection
EndGlobal
